
Microsoft Visual Studio Solution File, Format Version 12.00
# Visual Studio 14
VisualStudioVersion = 14.0.25420.1
MinimumVisualStudioVersion = 10.0.40219.1
Project("{2150E333-8FDC-42A3-9474-1A3956D46DE8}") = ".paket", ".paket", "{D6CA534F-A1F9-4683-8E61-1BBC534CB1F6}"
	ProjectSection(SolutionItems) = preProject
		paket.dependencies = paket.dependencies
	EndProjectSection
EndProject
Project("{F2A71F9B-5D33-465A-A702-920D77279786}") = "ProjectEulerFs", "ProjectEulerFs\ProjectEulerFs.fsproj", "{5D740245-3624-400E-9638-7FDD3443083E}"
EndProject
Project("{FAE04EC0-301F-11D3-BF4B-00C04F79EFBC}") = "PETest", "PETest\PETest.csproj", "{04861BD2-8BAB-4545-9E4C-7F17610E1126}"
EndProject
Project("{F2A71F9B-5D33-465A-A702-920D77279786}") = "FTest", "FTest\FTest.fsproj", "{2E4032B2-5437-4D84-BC03-BD5D249F8FB7}"
EndProject
Project("{F2A71F9B-5D33-465A-A702-920D77279786}") = "DiningPhilosophers", "DiningPhilosophers\DiningPhilosophers.fsproj", "{F46F1517-0861-4B6B-BBC4-6E93CE075BB8}"
EndProject
Project("{8BC9CEB8-8B4A-11D0-8D11-00A0C91BC942}") = "ProjectEulerCpp", "ProjectEulerCpp\ProjectEulerCpp.vcxproj", "{A384AFBD-1503-4435-84DD-49DC26F11691}"
EndProject
Project("{8BB2217D-0F2D-49D1-97BC-3654ED321F3B}") = "FsCore", "FsCore\FsCore.xproj", "{D573B0D2-CA59-4607-B61B-20F4D750F900}"
EndProject
Global
	GlobalSection(SolutionConfigurationPlatforms) = preSolution
		Debug|Any CPU = Debug|Any CPU
		Debug|x64 = Debug|x64
		Debug|x86 = Debug|x86
		Release|Any CPU = Release|Any CPU
		Release|x64 = Release|x64
		Release|x86 = Release|x86
	EndGlobalSection
	GlobalSection(ProjectConfigurationPlatforms) = postSolution
		{5D740245-3624-400E-9638-7FDD3443083E}.Debug|Any CPU.ActiveCfg = Debug|Any CPU
		{5D740245-3624-400E-9638-7FDD3443083E}.Debug|Any CPU.Build.0 = Debug|Any CPU
		{5D740245-3624-400E-9638-7FDD3443083E}.Debug|x64.ActiveCfg = Debug|Any CPU
		{5D740245-3624-400E-9638-7FDD3443083E}.Debug|x64.Build.0 = Debug|Any CPU
		{5D740245-3624-400E-9638-7FDD3443083E}.Debug|x86.ActiveCfg = Debug|Any CPU
		{5D740245-3624-400E-9638-7FDD3443083E}.Debug|x86.Build.0 = Debug|Any CPU
		{5D740245-3624-400E-9638-7FDD3443083E}.Release|Any CPU.ActiveCfg = Release|Any CPU
		{5D740245-3624-400E-9638-7FDD3443083E}.Release|Any CPU.Build.0 = Release|Any CPU
		{5D740245-3624-400E-9638-7FDD3443083E}.Release|x64.ActiveCfg = Release|Any CPU
		{5D740245-3624-400E-9638-7FDD3443083E}.Release|x64.Build.0 = Release|Any CPU
		{5D740245-3624-400E-9638-7FDD3443083E}.Release|x86.ActiveCfg = Release|Any CPU
		{5D740245-3624-400E-9638-7FDD3443083E}.Release|x86.Build.0 = Release|Any CPU
		{04861BD2-8BAB-4545-9E4C-7F17610E1126}.Debug|Any CPU.ActiveCfg = Debug|Any CPU
		{04861BD2-8BAB-4545-9E4C-7F17610E1126}.Debug|Any CPU.Build.0 = Debug|Any CPU
		{04861BD2-8BAB-4545-9E4C-7F17610E1126}.Debug|x64.ActiveCfg = Debug|Any CPU
		{04861BD2-8BAB-4545-9E4C-7F17610E1126}.Debug|x64.Build.0 = Debug|Any CPU
		{04861BD2-8BAB-4545-9E4C-7F17610E1126}.Debug|x86.ActiveCfg = Debug|Any CPU
		{04861BD2-8BAB-4545-9E4C-7F17610E1126}.Debug|x86.Build.0 = Debug|Any CPU
		{04861BD2-8BAB-4545-9E4C-7F17610E1126}.Release|Any CPU.ActiveCfg = Release|Any CPU
		{04861BD2-8BAB-4545-9E4C-7F17610E1126}.Release|Any CPU.Build.0 = Release|Any CPU
		{04861BD2-8BAB-4545-9E4C-7F17610E1126}.Release|x64.ActiveCfg = Release|Any CPU
		{04861BD2-8BAB-4545-9E4C-7F17610E1126}.Release|x64.Build.0 = Release|Any CPU
		{04861BD2-8BAB-4545-9E4C-7F17610E1126}.Release|x86.ActiveCfg = Release|Any CPU
		{04861BD2-8BAB-4545-9E4C-7F17610E1126}.Release|x86.Build.0 = Release|Any CPU
		{2E4032B2-5437-4D84-BC03-BD5D249F8FB7}.Debug|Any CPU.ActiveCfg = Debug|Any CPU
		{2E4032B2-5437-4D84-BC03-BD5D249F8FB7}.Debug|Any CPU.Build.0 = Debug|Any CPU
		{2E4032B2-5437-4D84-BC03-BD5D249F8FB7}.Debug|x64.ActiveCfg = Debug|Any CPU
		{2E4032B2-5437-4D84-BC03-BD5D249F8FB7}.Debug|x64.Build.0 = Debug|Any CPU
		{2E4032B2-5437-4D84-BC03-BD5D249F8FB7}.Debug|x86.ActiveCfg = Debug|Any CPU
		{2E4032B2-5437-4D84-BC03-BD5D249F8FB7}.Debug|x86.Build.0 = Debug|Any CPU
		{2E4032B2-5437-4D84-BC03-BD5D249F8FB7}.Release|Any CPU.ActiveCfg = Release|Any CPU
		{2E4032B2-5437-4D84-BC03-BD5D249F8FB7}.Release|Any CPU.Build.0 = Release|Any CPU
		{2E4032B2-5437-4D84-BC03-BD5D249F8FB7}.Release|x64.ActiveCfg = Release|Any CPU
		{2E4032B2-5437-4D84-BC03-BD5D249F8FB7}.Release|x64.Build.0 = Release|Any CPU
		{2E4032B2-5437-4D84-BC03-BD5D249F8FB7}.Release|x86.ActiveCfg = Release|Any CPU
		{2E4032B2-5437-4D84-BC03-BD5D249F8FB7}.Release|x86.Build.0 = Release|Any CPU
		{F46F1517-0861-4B6B-BBC4-6E93CE075BB8}.Debug|Any CPU.ActiveCfg = Debug|Any CPU
		{F46F1517-0861-4B6B-BBC4-6E93CE075BB8}.Debug|Any CPU.Build.0 = Debug|Any CPU
		{F46F1517-0861-4B6B-BBC4-6E93CE075BB8}.Debug|x64.ActiveCfg = Debug|Any CPU
		{F46F1517-0861-4B6B-BBC4-6E93CE075BB8}.Debug|x64.Build.0 = Debug|Any CPU
		{F46F1517-0861-4B6B-BBC4-6E93CE075BB8}.Debug|x86.ActiveCfg = Debug|Any CPU
		{F46F1517-0861-4B6B-BBC4-6E93CE075BB8}.Debug|x86.Build.0 = Debug|Any CPU
		{F46F1517-0861-4B6B-BBC4-6E93CE075BB8}.Release|Any CPU.ActiveCfg = Release|Any CPU
		{F46F1517-0861-4B6B-BBC4-6E93CE075BB8}.Release|Any CPU.Build.0 = Release|Any CPU
		{F46F1517-0861-4B6B-BBC4-6E93CE075BB8}.Release|x64.ActiveCfg = Release|Any CPU
		{F46F1517-0861-4B6B-BBC4-6E93CE075BB8}.Release|x64.Build.0 = Release|Any CPU
		{F46F1517-0861-4B6B-BBC4-6E93CE075BB8}.Release|x86.ActiveCfg = Release|Any CPU
		{F46F1517-0861-4B6B-BBC4-6E93CE075BB8}.Release|x86.Build.0 = Release|Any CPU
		{A384AFBD-1503-4435-84DD-49DC26F11691}.Debug|Any CPU.ActiveCfg = Debug|Win32
		{A384AFBD-1503-4435-84DD-49DC26F11691}.Debug|x64.ActiveCfg = Debug|x64
		{A384AFBD-1503-4435-84DD-49DC26F11691}.Debug|x64.Build.0 = Debug|x64
		{A384AFBD-1503-4435-84DD-49DC26F11691}.Debug|x86.ActiveCfg = Debug|Win32
		{A384AFBD-1503-4435-84DD-49DC26F11691}.Debug|x86.Build.0 = Debug|Win32
		{A384AFBD-1503-4435-84DD-49DC26F11691}.Release|Any CPU.ActiveCfg = Release|Win32
		{A384AFBD-1503-4435-84DD-49DC26F11691}.Release|x64.ActiveCfg = Release|x64
		{A384AFBD-1503-4435-84DD-49DC26F11691}.Release|x64.Build.0 = Release|x64
		{A384AFBD-1503-4435-84DD-49DC26F11691}.Release|x86.ActiveCfg = Release|Win32
		{A384AFBD-1503-4435-84DD-49DC26F11691}.Release|x86.Build.0 = Release|Win32
		{D573B0D2-CA59-4607-B61B-20F4D750F900}.Debug|Any CPU.ActiveCfg = Debug|Any CPU
		{D573B0D2-CA59-4607-B61B-20F4D750F900}.Debug|Any CPU.Build.0 = Debug|Any CPU
		{D573B0D2-CA59-4607-B61B-20F4D750F900}.Debug|x64.ActiveCfg = Debug|Any CPU
		{D573B0D2-CA59-4607-B61B-20F4D750F900}.Debug|x64.Build.0 = Debug|Any CPU
		{D573B0D2-CA59-4607-B61B-20F4D750F900}.Debug|x86.ActiveCfg = Debug|Any CPU
		{D573B0D2-CA59-4607-B61B-20F4D750F900}.Debug|x86.Build.0 = Debug|Any CPU
		{D573B0D2-CA59-4607-B61B-20F4D750F900}.Release|Any CPU.ActiveCfg = Release|Any CPU
		{D573B0D2-CA59-4607-B61B-20F4D750F900}.Release|Any CPU.Build.0 = Release|Any CPU
		{D573B0D2-CA59-4607-B61B-20F4D750F900}.Release|x64.ActiveCfg = Release|Any CPU
		{D573B0D2-CA59-4607-B61B-20F4D750F900}.Release|x64.Build.0 = Release|Any CPU
		{D573B0D2-CA59-4607-B61B-20F4D750F900}.Release|x86.ActiveCfg = Release|Any CPU
		{D573B0D2-CA59-4607-B61B-20F4D750F900}.Release|x86.Build.0 = Release|Any CPU
	EndGlobalSection
	GlobalSection(SolutionProperties) = preSolution
		HideSolutionNode = FALSE
	EndGlobalSection
EndGlobal
